
Microsoft Visual Studio Solution File, Format Version 12.00
# Visual Studio 15
VisualStudioVersion = 15.0.28010.2026
MinimumVisualStudioVersion = 10.0.40219.1
Project("{FAE04EC0-301F-11D3-BF4B-00C04F79EFBC}") = "ImportCsvToTableStorage", "ImportCsvToTableStorage\ImportCsvToTableStorage.csproj", "{003BF720-37E3-4E3B-BE50-DDE53E9E690F}"
EndProject
Global
	GlobalSection(SolutionConfigurationPlatforms) = preSolution
		Debug|Any CPU = Debug|Any CPU
		Release|Any CPU = Release|Any CPU
	EndGlobalSection
	GlobalSection(ProjectConfigurationPlatforms) = postSolution
		{003BF720-37E3-4E3B-BE50-DDE53E9E690F}.Debug|Any CPU.ActiveCfg = Debug|Any CPU
		{003BF720-37E3-4E3B-BE50-DDE53E9E690F}.Debug|Any CPU.Build.0 = Debug|Any CPU
		{003BF720-37E3-4E3B-BE50-DDE53E9E690F}.Release|Any CPU.ActiveCfg = Release|Any CPU
		{003BF720-37E3-4E3B-BE50-DDE53E9E690F}.Release|Any CPU.Build.0 = Release|Any CPU
	EndGlobalSection
	GlobalSection(SolutionProperties) = preSolution
		HideSolutionNode = FALSE
	EndGlobalSection
	GlobalSection(ExtensibilityGlobals) = postSolution
		SolutionGuid = {F42B9539-B58E-478D-B445-D7573BAE9F49}
	EndGlobalSection
EndGlobal
